// !$*UTF8*$!
{
	archiveVersion = 1;
	classes = {
	};
	objectVersion = 50;
	objects = {

/* Begin PBXBuildFile section */
		4DBC0279220256A900DFBFC2 /* Default-568h@2x.png in Resources */ = {isa = PBXBuildFile; fileRef = 4DBC0278220256A900DFBFC2 /* Default-568h@2x.png */; };
		4DDCC9F621C47BA300B2D7D8 /* Item.swift in Sources */ = {isa = PBXBuildFile; fileRef = 4DDCC9F521C47BA300B2D7D8 /* Item.swift */; };
		4DE8BC76219DC37E00BE26FB /* AppDelegate.swift in Sources */ = {isa = PBXBuildFile; fileRef = 4DE8BC75219DC37E00BE26FB /* AppDelegate.swift */; };
		4DE8BC78219DC37E00BE26FB /* CheckDoViewController.swift in Sources */ = {isa = PBXBuildFile; fileRef = 4DE8BC77219DC37E00BE26FB /* CheckDoViewController.swift */; };
		4DE8BC7B219DC37E00BE26FB /* Main.storyboard in Resources */ = {isa = PBXBuildFile; fileRef = 4DE8BC79219DC37E00BE26FB /* Main.storyboard */; };
		4DE8BC7D219DC38000BE26FB /* Assets.xcassets in Resources */ = {isa = PBXBuildFile; fileRef = 4DE8BC7C219DC38000BE26FB /* Assets.xcassets */; };
		4DE8BC80219DC38000BE26FB /* LaunchScreen.storyboard in Resources */ = {isa = PBXBuildFile; fileRef = 4DE8BC7E219DC38000BE26FB /* LaunchScreen.storyboard */; };
/* End PBXBuildFile section */

/* Begin PBXFileReference section */
		4DBC0278220256A900DFBFC2 /* Default-568h@2x.png */ = {isa = PBXFileReference; lastKnownFileType = image.png; path = "Default-568h@2x.png"; sourceTree = "<group>"; };
		4DDCC9F521C47BA300B2D7D8 /* Item.swift */ = {isa = PBXFileReference; lastKnownFileType = sourcecode.swift; path = Item.swift; sourceTree = "<group>"; };
		4DE8BC72219DC37D00BE26FB /* ToCheck.app */ = {isa = PBXFileReference; explicitFileType = wrapper.application; includeInIndex = 0; path = ToCheck.app; sourceTree = BUILT_PRODUCTS_DIR; };
		4DE8BC75219DC37E00BE26FB /* AppDelegate.swift */ = {isa = PBXFileReference; lastKnownFileType = sourcecode.swift; path = AppDelegate.swift; sourceTree = "<group>"; };
		4DE8BC77219DC37E00BE26FB /* CheckDoViewController.swift */ = {isa = PBXFileReference; lastKnownFileType = sourcecode.swift; path = CheckDoViewController.swift; sourceTree = "<group>"; };
		4DE8BC7A219DC37E00BE26FB /* Base */ = {isa = PBXFileReference; lastKnownFileType = file.storyboard; name = Base; path = Base.lproj/Main.storyboard; sourceTree = "<group>"; };
		4DE8BC7C219DC38000BE26FB /* Assets.xcassets */ = {isa = PBXFileReference; lastKnownFileType = folder.assetcatalog; path = Assets.xcassets; sourceTree = "<group>"; };
		4DE8BC7F219DC38000BE26FB /* Base */ = {isa = PBXFileReference; lastKnownFileType = file.storyboard; name = Base; path = Base.lproj/LaunchScreen.storyboard; sourceTree = "<group>"; };
		4DE8BC81219DC38000BE26FB /* Info.plist */ = {isa = PBXFileReference; lastKnownFileType = text.plist.xml; path = Info.plist; sourceTree = "<group>"; };
/* End PBXFileReference section */

/* Begin PBXFrameworksBuildPhase section */
		4DE8BC6F219DC37D00BE26FB /* Frameworks */ = {
			isa = PBXFrameworksBuildPhase;
			buildActionMask = 2147483647;
			files = (
			);
			runOnlyForDeploymentPostprocessing = 0;
		};
/* End PBXFrameworksBuildPhase section */

/* Begin PBXGroup section */
		4DDCC9F721C47BAD00B2D7D8 /* Data Models */ = {
			isa = PBXGroup;
			children = (
				4DDCC9F521C47BA300B2D7D8 /* Item.swift */,
			);
			path = "Data Models";
			sourceTree = "<group>";
		};
		4DDCC9F821C47BCB00B2D7D8 /* Controller */ = {
			isa = PBXGroup;
			children = (
				4DE8BC77219DC37E00BE26FB /* CheckDoViewController.swift */,
			);
			path = Controller;
			sourceTree = "<group>";
		};
		4DDCC9FA21C47BE900B2D7D8 /* View */ = {
			isa = PBXGroup;
			children = (
				4DE8BC7E219DC38000BE26FB /* LaunchScreen.storyboard */,
				4DE8BC79219DC37E00BE26FB /* Main.storyboard */,
			);
			path = View;
			sourceTree = "<group>";
		};
		4DDCC9FB21C47C1100B2D7D8 /* Supporting Files */ = {
			isa = PBXGroup;
			children = (
				4DE8BC7C219DC38000BE26FB /* Assets.xcassets */,
			);
			path = "Supporting Files";
			sourceTree = "<group>";
		};
		4DE8BC69219DC37D00BE26FB = {
			isa = PBXGroup;
			children = (
				4DBC0278220256A900DFBFC2 /* Default-568h@2x.png */,
				4DE8BC74219DC37D00BE26FB /* ToCheck */,
				4DE8BC73219DC37D00BE26FB /* Products */,
				4DE8BC81219DC38000BE26FB /* Info.plist */,
			);
			sourceTree = "<group>";
		};
		4DE8BC73219DC37D00BE26FB /* Products */ = {
			isa = PBXGroup;
			children = (
				4DE8BC72219DC37D00BE26FB /* ToCheck.app */,
			);
			name = Products;
			sourceTree = "<group>";
		};
		4DE8BC74219DC37D00BE26FB /* ToCheck */ = {
			isa = PBXGroup;
			children = (
				4DE8BC75219DC37E00BE26FB /* AppDelegate.swift */,
				4DDCC9F721C47BAD00B2D7D8 /* Data Models */,
				4DDCC9F821C47BCB00B2D7D8 /* Controller */,
				4DDCC9FA21C47BE900B2D7D8 /* View */,
				4DDCC9FB21C47C1100B2D7D8 /* Supporting Files */,
			);
			path = ToCheck;
			sourceTree = "<group>";
		};
/* End PBXGroup section */

/* Begin PBXNativeTarget section */
		4DE8BC71219DC37D00BE26FB /* ToCheck */ = {
			isa = PBXNativeTarget;
			buildConfigurationList = 4DE8BC84219DC38000BE26FB /* Build configuration list for PBXNativeTarget "ToCheck" */;
			buildPhases = (
				4DE8BC6E219DC37D00BE26FB /* Sources */,
				4DE8BC6F219DC37D00BE26FB /* Frameworks */,
				4DE8BC70219DC37D00BE26FB /* Resources */,
			);
			buildRules = (
			);
			dependencies = (
			);
			name = ToCheck;
			productName = ToCheck;
			productReference = 4DE8BC72219DC37D00BE26FB /* ToCheck.app */;
			productType = "com.apple.product-type.application";
		};
/* End PBXNativeTarget section */

/* Begin PBXProject section */
		4DE8BC6A219DC37D00BE26FB /* Project object */ = {
			isa = PBXProject;
			attributes = {
				LastSwiftUpdateCheck = 1000;
				LastUpgradeCheck = 1000;
				ORGANIZATIONNAME = "Sarkis Megrditchian";
				TargetAttributes = {
					4DE8BC71219DC37D00BE26FB = {
						CreatedOnToolsVersion = 10.0;
					};
				};
			};
			buildConfigurationList = 4DE8BC6D219DC37D00BE26FB /* Build configuration list for PBXProject "ToCheck" */;
			compatibilityVersion = "Xcode 9.3";
			developmentRegion = en;
			hasScannedForEncodings = 0;
			knownRegions = (
				en,
				Base,
			);
			mainGroup = 4DE8BC69219DC37D00BE26FB;
			productRefGroup = 4DE8BC73219DC37D00BE26FB /* Products */;
			projectDirPath = "";
			projectRoot = "";
			targets = (
				4DE8BC71219DC37D00BE26FB /* ToCheck */,
			);
		};
/* End PBXProject section */

/* Begin PBXResourcesBuildPhase section */
		4DE8BC70219DC37D00BE26FB /* Resources */ = {
			isa = PBXResourcesBuildPhase;
			buildActionMask = 2147483647;
			files = (
				4DE8BC80219DC38000BE26FB /* LaunchScreen.storyboard in Resources */,
				4DBC0279220256A900DFBFC2 /* Default-568h@2x.png in Resources */,
				4DE8BC7D219DC38000BE26FB /* Assets.xcassets in Resources */,
				4DE8BC7B219DC37E00BE26FB /* Main.storyboard in Resources */,
			);
			runOnlyForDeploymentPostprocessing = 0;
		};
/* End PBXResourcesBuildPhase section */

/* Begin PBXSourcesBuildPhase section */
		4DE8BC6E219DC37D00BE26FB /* Sources */ = {
			isa = PBXSourcesBuildPhase;
			buildActionMask = 2147483647;
			files = (
				4DE8BC78219DC37E00BE26FB /* CheckDoViewController.swift in Sources */,
				4DDCC9F621C47BA300B2D7D8 /* Item.swift in Sources */,
				4DE8BC76219DC37E00BE26FB /* AppDelegate.swift in Sources */,
			);
			runOnlyForDeploymentPostprocessing = 0;
		};
/* End PBXSourcesBuildPhase section */

/* Begin PBXVariantGroup section */
		4DE8BC79219DC37E00BE26FB /* Main.storyboard */ = {
			isa = PBXVariantGroup;
			children = (
				4DE8BC7A219DC37E00BE26FB /* Base */,
			);
			name = Main.storyboard;
			sourceTree = "<group>";
		};
		4DE8BC7E219DC38000BE26FB /* LaunchScreen.storyboard */ = {
			isa = PBXVariantGroup;
			children = (
				4DE8BC7F219DC38000BE26FB /* Base */,
			);
			name = LaunchScreen.storyboard;
			sourceTree = "<group>";
		};
/* End PBXVariantGroup section */

/* Begin XCBuildConfiguration section */
		4DE8BC82219DC38000BE26FB /* Debug */ = {
			isa = XCBuildConfiguration;
			buildSettings = {
				ALWAYS_SEARCH_USER_PATHS = NO;
				CLANG_ANALYZER_NONNULL = YES;
				CLANG_ANALYZER_NUMBER_OBJECT_CONVERSION = YES_AGGRESSIVE;
				CLANG_CXX_LANGUAGE_STANDARD = "gnu++14";
				CLANG_CXX_LIBRARY = "libc++";
				CLANG_ENABLE_MODULES = YES;
				CLANG_ENABLE_OBJC_ARC = YES;
				CLANG_ENABLE_OBJC_WEAK = YES;
				CLANG_WARN_BLOCK_CAPTURE_AUTORELEASING = YES;
				CLANG_WARN_BOOL_CONVERSION = YES;
				CLANG_WARN_COMMA = YES;
				CLANG_WARN_CONSTANT_CONVERSION = YES;
				CLANG_WARN_DEPRECATED_OBJC_IMPLEMENTATIONS = YES;
				CLANG_WARN_DIRECT_OBJC_ISA_USAGE = YES_ERROR;
				CLANG_WARN_DOCUMENTATION_COMMENTS = YES;
				CLANG_WARN_EMPTY_BODY = YES;
				CLANG_WARN_ENUM_CONVERSION = YES;
				CLANG_WARN_INFINITE_RECURSION = YES;
				CLANG_WARN_INT_CONVERSION = YES;
				CLANG_WARN_NON_LITERAL_NULL_CONVERSION = YES;
				CLANG_WARN_OBJC_IMPLICIT_RETAIN_SELF = YES;
				CLANG_WARN_OBJC_LITERAL_CONVERSION = YES;
				CLANG_WARN_OBJC_ROOT_CLASS = YES_ERROR;
				CLANG_WARN_RANGE_LOOP_ANALYSIS = YES;
				CLANG_WARN_STRICT_PROTOTYPES = YES;
				CLANG_WARN_SUSPICIOUS_MOVE = YES;
				CLANG_WARN_UNGUARDED_AVAILABILITY = YES_AGGRESSIVE;
				CLANG_WARN_UNREACHABLE_CODE = YES;
				CLANG_WARN__DUPLICATE_METHOD_MATCH = YES;
				CODE_SIGN_IDENTITY = "iPhone Developer";
				COPY_PHASE_STRIP = NO;
				DEBUG_INFORMATION_FORMAT = dwarf;
				ENABLE_STRICT_OBJC_MSGSEND = YES;
				ENABLE_TESTABILITY = YES;
				GCC_C_LANGUAGE_STANDARD = gnu11;
				GCC_DYNAMIC_NO_PIC = NO;
				GCC_NO_COMMON_BLOCKS = YES;
				GCC_OPTIMIZATION_LEVEL = 0;
				GCC_PREPROCESSOR_DEFINITIONS = (
					"DEBUG=1",
					"$(inherited)",
				);
				GCC_WARN_64_TO_32_BIT_CONVERSION = YES;
				GCC_WARN_ABOUT_RETURN_TYPE = YES_ERROR;
				GCC_WARN_UNDECLARED_SELECTOR = YES;
				GCC_WARN_UNINITIALIZED_AUTOS = YES_AGGRESSIVE;
				GCC_WARN_UNUSED_FUNCTION = YES;
				GCC_WARN_UNUSED_VARIABLE = YES;
				IPHONEOS_DEPLOYMENT_TARGET = 12.0;
				MTL_ENABLE_DEBUG_INFO = INCLUDE_SOURCE;
				MTL_FAST_MATH = YES;
				ONLY_ACTIVE_ARCH = YES;
				SDKROOT = iphoneos;
				SWIFT_ACTIVE_COMPILATION_CONDITIONS = DEBUG;
				SWIFT_OPTIMIZATION_LEVEL = "-Onone";
			};
			name = Debug;
		};
		4DE8BC83219DC38000BE26FB /* Release */ = {
			isa = XCBuildConfiguration;
			buildSettings = {
				ALWAYS_SEARCH_USER_PATHS = NO;
				CLANG_ANALYZER_NONNULL = YES;
				CLANG_ANALYZER_NUMBER_OBJECT_CONVERSION = YES_AGGRESSIVE;
				CLANG_CXX_LANGUAGE_STANDARD = "gnu++14";
				CLANG_CXX_LIBRARY = "libc++";
				CLANG_ENABLE_MODULES = YES;
				CLANG_ENABLE_OBJC_ARC = YES;
				CLANG_ENABLE_OBJC_WEAK = YES;
				CLANG_WARN_BLOCK_CAPTURE_AUTORELEASING = YES;
				CLANG_WARN_BOOL_CONVERSION = YES;
				CLANG_WARN_COMMA = YES;
				CLANG_WARN_CONSTANT_CONVERSION = YES;
				CLANG_WARN_DEPRECATED_OBJC_IMPLEMENTATIONS = YES;
				CLANG_WARN_DIRECT_OBJC_ISA_USAGE = YES_ERROR;
				CLANG_WARN_DOCUMENTATION_COMMENTS = YES;
				CLANG_WARN_EMPTY_BODY = YES;
				CLANG_WARN_ENUM_CONVERSION = YES;
				CLANG_WARN_INFINITE_RECURSION = YES;
				CLANG_WARN_INT_CONVERSION = YES;
				CLANG_WARN_NON_LITERAL_NULL_CONVERSION = YES;
				CLANG_WARN_OBJC_IMPLICIT_RETAIN_SELF = YES;
				CLANG_WARN_OBJC_LITERAL_CONVERSION = YES;
				CLANG_WARN_OBJC_ROOT_CLASS = YES_ERROR;
				CLANG_WARN_RANGE_LOOP_ANALYSIS = YES;
				CLANG_WARN_STRICT_PROTOTYPES = YES;
				CLANG_WARN_SUSPICIOUS_MOVE = YES;
				CLANG_WARN_UNGUARDED_AVAILABILITY = YES_AGGRESSIVE;
				CLANG_WARN_UNREACHABLE_CODE = YES;
				CLANG_WARN__DUPLICATE_METHOD_MATCH = YES;
				CODE_SIGN_IDENTITY = "iPhone Developer";
				COPY_PHASE_STRIP = NO;
				DEBUG_INFORMATION_FORMAT = "dwarf-with-dsym";
				ENABLE_NS_ASSERTIONS = NO;
				ENABLE_STRICT_OBJC_MSGSEND = YES;
				GCC_C_LANGUAGE_STANDARD = gnu11;
				GCC_NO_COMMON_BLOCKS = YES;
				GCC_WARN_64_TO_32_BIT_CONVERSION = YES;
				GCC_WARN_ABOUT_RETURN_TYPE = YES_ERROR;
				GCC_WARN_UNDECLARED_SELECTOR = YES;
				GCC_WARN_UNINITIALIZED_AUTOS = YES_AGGRESSIVE;
				GCC_WARN_UNUSED_FUNCTION = YES;
				GCC_WARN_UNUSED_VARIABLE = YES;
				IPHONEOS_DEPLOYMENT_TARGET = 12.0;
				MTL_ENABLE_DEBUG_INFO = NO;
				MTL_FAST_MATH = YES;
				SDKROOT = iphoneos;
				SWIFT_COMPILATION_MODE = wholemodule;
				SWIFT_OPTIMIZATION_LEVEL = "-O";
				VALIDATE_PRODUCT = YES;
			};
			name = Release;
		};
		4DE8BC85219DC38000BE26FB /* Debug */ = {
			isa = XCBuildConfiguration;
			buildSettings = {
				ASSETCATALOG_COMPILER_APPICON_NAME = AppIcon;
				CODE_SIGN_STYLE = Automatic;
				DEVELOPMENT_TEAM = LX5G45MDC9;
				INFOPLIST_FILE = "$(SRCROOT)/Info.plist";
				IPHONEOS_DEPLOYMENT_TARGET = 12.1;
				LD_RUNPATH_SEARCH_PATHS = (
					"$(inherited)",
					"@executable_path/Frameworks",
				);
				PRODUCT_BUNDLE_IDENTIFIER = Com.SarkisMegrditchian.ToCheck;
				PRODUCT_NAME = "$(TARGET_NAME)";
				SWIFT_VERSION = 4.2;
				TARGETED_DEVICE_FAMILY = "1,2";
			};
			name = Debug;
		};
		4DE8BC86219DC38000BE26FB /* Release */ = {
			isa = XCBuildConfiguration;
			buildSettings = {
				ASSETCATALOG_COMPILER_APPICON_NAME = AppIcon;
				CODE_SIGN_STYLE = Automatic;
				DEVELOPMENT_TEAM = LX5G45MDC9;
				INFOPLIST_FILE = "$(SRCROOT)/Info.plist";
				IPHONEOS_DEPLOYMENT_TARGET = 12.1;
				LD_RUNPATH_SEARCH_PATHS = (
					"$(inherited)",
					"@executable_path/Frameworks",
				);
				PRODUCT_BUNDLE_IDENTIFIER = Com.SarkisMegrditchian.ToCheck;
				PRODUCT_NAME = "$(TARGET_NAME)";
				SWIFT_VERSION = 4.2;
				TARGETED_DEVICE_FAMILY = "1,2";
			};
			name = Release;
		};
/* End XCBuildConfiguration section */

/* Begin XCConfigurationList section */
		4DE8BC6D219DC37D00BE26FB /* Build configuration list for PBXProject "ToCheck" */ = {
			isa = XCConfigurationList;
			buildConfigurations = (
				4DE8BC82219DC38000BE26FB /* Debug */,
				4DE8BC83219DC38000BE26FB /* Release */,
			);
			defaultConfigurationIsVisible = 0;
			defaultConfigurationName = Release;
		};
		4DE8BC84219DC38000BE26FB /* Build configuration list for PBXNativeTarget "ToCheck" */ = {
			isa = XCConfigurationList;
			buildConfigurations = (
				4DE8BC85219DC38000BE26FB /* Debug */,
				4DE8BC86219DC38000BE26FB /* Release */,
			);
			defaultConfigurationIsVisible = 0;
			defaultConfigurationName = Release;
		};
/* End XCConfigurationList section */
	};
	rootObject = 4DE8BC6A219DC37D00BE26FB /* Project object */;
}
